
Microsoft Visual Studio Solution File, Format Version 12.00
# Visual Studio 15
VisualStudioVersion = 15.0.28307.421
MinimumVisualStudioVersion = 10.0.40219.1
Project("{FAE04EC0-301F-11D3-BF4B-00C04F79EFBC}") = "HomeTask", "HomeTask\HomeTask.csproj", "{AEDB4D0A-D0F4-4103-B2F6-7D6BFA01D292}"
EndProject
Project("{FAE04EC0-301F-11D3-BF4B-00C04F79EFBC}") = "Weather Station", "Weather Station\Weather Station.csproj", "{ADA412DD-004F-4B78-BBC4-6EFF2D3B9266}"
EndProject
Project("{FAE04EC0-301F-11D3-BF4B-00C04F79EFBC}") = "AutoPark", "AutoPark\AutoPark.csproj", "{8F2C48E5-B286-4BF5-B97E-6DE45E58695B}"
EndProject
Project("{FAE04EC0-301F-11D3-BF4B-00C04F79EFBC}") = "Vocabulary", "Vocabulary\Vocabulary.csproj", "{53422FE1-30D2-4D06-8E28-D33C3C76B0D7}"
EndProject
Project("{FAE04EC0-301F-11D3-BF4B-00C04F79EFBC}") = "VocabularyHash", "VocabularyHash\VocabularyHash.csproj", "{2E5AD510-411E-4797-817C-D9B7410A1651}"
EndProject
Global
	GlobalSection(SolutionConfigurationPlatforms) = preSolution
		Debug|Any CPU = Debug|Any CPU
		Release|Any CPU = Release|Any CPU
	EndGlobalSection
	GlobalSection(ProjectConfigurationPlatforms) = postSolution
		{AEDB4D0A-D0F4-4103-B2F6-7D6BFA01D292}.Debug|Any CPU.ActiveCfg = Debug|Any CPU
		{AEDB4D0A-D0F4-4103-B2F6-7D6BFA01D292}.Debug|Any CPU.Build.0 = Debug|Any CPU
		{AEDB4D0A-D0F4-4103-B2F6-7D6BFA01D292}.Release|Any CPU.ActiveCfg = Release|Any CPU
		{AEDB4D0A-D0F4-4103-B2F6-7D6BFA01D292}.Release|Any CPU.Build.0 = Release|Any CPU
		{ADA412DD-004F-4B78-BBC4-6EFF2D3B9266}.Debug|Any CPU.ActiveCfg = Debug|Any CPU
		{ADA412DD-004F-4B78-BBC4-6EFF2D3B9266}.Debug|Any CPU.Build.0 = Debug|Any CPU
		{ADA412DD-004F-4B78-BBC4-6EFF2D3B9266}.Release|Any CPU.ActiveCfg = Release|Any CPU
		{ADA412DD-004F-4B78-BBC4-6EFF2D3B9266}.Release|Any CPU.Build.0 = Release|Any CPU
		{8F2C48E5-B286-4BF5-B97E-6DE45E58695B}.Debug|Any CPU.ActiveCfg = Debug|Any CPU
		{8F2C48E5-B286-4BF5-B97E-6DE45E58695B}.Debug|Any CPU.Build.0 = Debug|Any CPU
		{8F2C48E5-B286-4BF5-B97E-6DE45E58695B}.Release|Any CPU.ActiveCfg = Release|Any CPU
		{8F2C48E5-B286-4BF5-B97E-6DE45E58695B}.Release|Any CPU.Build.0 = Release|Any CPU
		{53422FE1-30D2-4D06-8E28-D33C3C76B0D7}.Debug|Any CPU.ActiveCfg = Debug|Any CPU
		{53422FE1-30D2-4D06-8E28-D33C3C76B0D7}.Debug|Any CPU.Build.0 = Debug|Any CPU
		{53422FE1-30D2-4D06-8E28-D33C3C76B0D7}.Release|Any CPU.ActiveCfg = Release|Any CPU
		{53422FE1-30D2-4D06-8E28-D33C3C76B0D7}.Release|Any CPU.Build.0 = Release|Any CPU
		{2E5AD510-411E-4797-817C-D9B7410A1651}.Debug|Any CPU.ActiveCfg = Debug|Any CPU
		{2E5AD510-411E-4797-817C-D9B7410A1651}.Debug|Any CPU.Build.0 = Debug|Any CPU
		{2E5AD510-411E-4797-817C-D9B7410A1651}.Release|Any CPU.ActiveCfg = Release|Any CPU
		{2E5AD510-411E-4797-817C-D9B7410A1651}.Release|Any CPU.Build.0 = Release|Any CPU
	EndGlobalSection
	GlobalSection(SolutionProperties) = preSolution
		HideSolutionNode = FALSE
	EndGlobalSection
	GlobalSection(ExtensibilityGlobals) = postSolution
		SolutionGuid = {89373C04-791A-48DC-BF3D-D05875D846F4}
	EndGlobalSection
EndGlobal
